<?xml version="1.0" encoding="utf-8"?>
<Project ToolsVersion="4.0" xmlns="http://schemas.microsoft.com/developer/msbuild/2003">
  <ItemGroup>
    <Filter Include="Fichiers de ressources">
      <UniqueIdentifier>{67DA6AB6-F800-4c08-8B7A-83BB121AAD01}</UniqueIdentifier>
      <Extensions>rc;ico;cur;bmp;dlg;rc2;rct;bin;rgs;gif;jpg;jpeg;jpe;resx;tiff;tif;png;wav;mfcribbon-ms</Extensions>
    </Filter>
    <Filter Include="src">
      <UniqueIdentifier>{4FC737F1-C7A5-4376-A066-2A32D752A2FF}</UniqueIdentifier>
      <Extensions>cpp;c;cc;cxx;c++;cppm;ixx;def;odl;idl;hpj;bat;asm;asmx</Extensions>
    </Filter>
    <Filter Include="include">
      <UniqueIdentifier>{93995380-89BD-4b04-88EB-625FBE52EBFB}</UniqueIdentifier>
      <Extensions>h;hh;hpp;hxx;h++;hm;inl;inc;ipp;xsd</Extensions>
    </Filter>
    <Filter Include="include\ImGui">
      <UniqueIdentifier>{7b2270dc-69b7-4784-8db7-61f0ee3d462d}</UniqueIdentifier>
    </Filter>
    <Filter Include="src\header">
      <UniqueIdentifier>{accadf26-e63f-403e-92f1-eee3b909c4f6}</UniqueIdentifier>
    </Filter>
    <Filter Include="fonts">
      <UniqueIdentifier>{0c8793c7-11cd-45c4-830f-1e04f6f938b5}</UniqueIdentifier>
    </Filter>
  </ItemGroup>
  <ItemGroup>
    <ClCompile Include="main.cpp">
      <Filter>src</Filter>
    </ClCompile>
    <ClCompile Include="UI.cpp">
      <Filter>src</Filter>
    </ClCompile>
    <ClCompile Include="Drawing.cpp">
      <Filter>src</Filter>
    </ClCompile>
    <ClCompile Include="DictionaryUI.cpp">
      <Filter>src</Filter>
    </ClCompile>
    <ClCompile Include="ColorStyles.cpp">
      <Filter>src</Filter>
    </ClCompile>
    <ClCompile Include="Fonts.cpp">
      <Filter>src</Filter>
    </ClCompile>
    <ClCompile Include="Requests.cpp">
      <Filter>src</Filter>
    </ClCompile>
    <ClCompile Include="ImGUICustomFunctions.cpp">
      <Filter>src</Filter>
    </ClCompile>
    <ClCompile Include="ImGui\imgui.cpp">
      <Filter>include\ImGui</Filter>
    </ClCompile>
    <ClCompile Include="ImGui\imgui_demo.cpp">
      <Filter>include\ImGui</Filter>
    </ClCompile>
    <ClCompile Include="ImGui\imgui_draw.cpp">
      <Filter>include\ImGui</Filter>
    </ClCompile>
    <ClCompile Include="ImGui\imgui_impl_dx11.cpp">
      <Filter>include\ImGui</Filter>
    </ClCompile>
    <ClCompile Include="ImGui\imgui_impl_win32.cpp">
      <Filter>include\ImGui</Filter>
    </ClCompile>
    <ClCompile Include="ImGui\imgui_tables.cpp">
      <Filter>include\ImGui</Filter>
    </ClCompile>
    <ClCompile Include="ImGui\imgui_widgets.cpp">
      <Filter>include\ImGui</Filter>
    </ClCompile>
  </ItemGroup>
  <ItemGroup>
    <ClInclude Include="UI.h">
      <Filter>include</Filter>
    </ClInclude>
    <ClInclude Include="Drawing.h">
      <Filter>include</Filter>
    </ClInclude>
    <ClInclude Include="DictionaryUI.h">
      <Filter>src\header</Filter>
    </ClInclude>
    <ClInclude Include="ColorStyles.h">
      <Filter>src\header</Filter>
    </ClInclude>
    <ClInclude Include="Fonts.h">
      <Filter>src\header</Filter>
    </ClInclude>
    <ClInclude Include="Requests.h">
      <Filter>src\header</Filter>
    </ClInclude>
    <ClInclude Include="ImGUICustomFunctions.h">
      <Filter>src\header</Filter>
    </ClInclude>
    <ClInclude Include="ImGui\imconfig.h">
      <Filter>include\ImGui</Filter>
    </ClInclude>
    <ClInclude Include="ImGui\imgui.h">
      <Filter>include\ImGui</Filter>
    </ClInclude>
    <ClInclude Include="ImGui\imgui_impl_dx11.h">
      <Filter>include\ImGui</Filter>
    </ClInclude>
    <ClInclude Include="ImGui\imgui_impl_win32.h">
      <Filter>include\ImGui</Filter>
    </ClInclude>
    <ClInclude Include="ImGui\imgui_internal.h">
      <Filter>include\ImGui</Filter>
    </ClInclude>
    <ClInclude Include="ImGui\imstb_rectpack.h">
      <Filter>include\ImGui</Filter>
    </ClInclude>
    <ClInclude Include="ImGui\imstb_textedit.h">
      <Filter>include\ImGui</Filter>
    </ClInclude>
    <ClInclude Include="ImGui\imstb_truetype.h">
      <Filter>include\ImGui</Filter>
    </ClInclude>
  </ItemGroup>
  <ItemGroup>
    <Font Include="fonts\Quicksand-Bold.ttf">
      <Filter>fonts</Filter>
    </Font>
    <Font Include="fonts\Quicksand-Light.ttf">
      <Filter>fonts</Filter>
    </Font>
    <Font Include="fonts\Quicksand-Regular.ttf">
      <Filter>fonts</Filter>
    </Font>
    <Font Include="fonts\Quicksand-SemiBold.ttf">
      <Filter>fonts</Filter>
    </Font>
  </ItemGroup>
</Project>